
Microsoft Visual Studio Solution File, Format Version 11.00
# Visual C# Express 2010
Project("{FAE04EC0-301F-11D3-BF4B-00C04F79EFBC}") = "NXT2EV3ControlApplication", "NXT2EV3ControlApplication\NXT2EV3ControlApplication.csproj", "{64A3175B-AB63-45E2-AF6E-5BF0FBA5D051}"
EndProject
Global
	GlobalSection(SolutionConfigurationPlatforms) = preSolution
		Debug|x86 = Debug|x86
		Release|x86 = Release|x86
	EndGlobalSection
	GlobalSection(ProjectConfigurationPlatforms) = postSolution
		{64A3175B-AB63-45E2-AF6E-5BF0FBA5D051}.Debug|x86.ActiveCfg = Debug|x86
		{64A3175B-AB63-45E2-AF6E-5BF0FBA5D051}.Debug|x86.Build.0 = Debug|x86
		{64A3175B-AB63-45E2-AF6E-5BF0FBA5D051}.Release|x86.ActiveCfg = Release|x86
		{64A3175B-AB63-45E2-AF6E-5BF0FBA5D051}.Release|x86.Build.0 = Release|x86
	EndGlobalSection
	GlobalSection(SolutionProperties) = preSolution
		HideSolutionNode = FALSE
	EndGlobalSection
EndGlobal
